// !$*UTF8*$!
{
	archiveVersion = 1;
	classes = {
	};
	objectVersion = 48;
	objects = {

/* Begin PBXBuildFile section */
		9A4A3A6B2063B79600C2F232 /* AppDelegate.swift in Sources */ = {isa = PBXBuildFile; fileRef = 9A4A3A6A2063B79600C2F232 /* AppDelegate.swift */; };
		9A4A3A6D2063B79600C2F232 /* ViewController.swift in Sources */ = {isa = PBXBuildFile; fileRef = 9A4A3A6C2063B79600C2F232 /* ViewController.swift */; };
		9A4A3A702063B79600C2F232 /* Main.storyboard in Resources */ = {isa = PBXBuildFile; fileRef = 9A4A3A6E2063B79600C2F232 /* Main.storyboard */; };
		9A4A3A732063B79600C2F232 /* rural.xcdatamodeld in Sources */ = {isa = PBXBuildFile; fileRef = 9A4A3A712063B79600C2F232 /* rural.xcdatamodeld */; };
		9A4A3A752063B79600C2F232 /* Assets.xcassets in Resources */ = {isa = PBXBuildFile; fileRef = 9A4A3A742063B79600C2F232 /* Assets.xcassets */; };
		9A4A3A782063B79600C2F232 /* LaunchScreen.storyboard in Resources */ = {isa = PBXBuildFile; fileRef = 9A4A3A762063B79600C2F232 /* LaunchScreen.storyboard */; };
/* End PBXBuildFile section */

/* Begin PBXFileReference section */
		9A4A3A672063B79600C2F232 /* rural.app */ = {isa = PBXFileReference; explicitFileType = wrapper.application; includeInIndex = 0; path = rural.app; sourceTree = BUILT_PRODUCTS_DIR; };
		9A4A3A6A2063B79600C2F232 /* AppDelegate.swift */ = {isa = PBXFileReference; lastKnownFileType = sourcecode.swift; path = AppDelegate.swift; sourceTree = "<group>"; };
		9A4A3A6C2063B79600C2F232 /* ViewController.swift */ = {isa = PBXFileReference; lastKnownFileType = sourcecode.swift; path = ViewController.swift; sourceTree = "<group>"; };
		9A4A3A6F2063B79600C2F232 /* Base */ = {isa = PBXFileReference; lastKnownFileType = file.storyboard; name = Base; path = Base.lproj/Main.storyboard; sourceTree = "<group>"; };
		9A4A3A722063B79600C2F232 /* rural.xcdatamodel */ = {isa = PBXFileReference; lastKnownFileType = wrapper.xcdatamodel; path = rural.xcdatamodel; sourceTree = "<group>"; };
		9A4A3A742063B79600C2F232 /* Assets.xcassets */ = {isa = PBXFileReference; lastKnownFileType = folder.assetcatalog; path = Assets.xcassets; sourceTree = "<group>"; };
		9A4A3A772063B79600C2F232 /* Base */ = {isa = PBXFileReference; lastKnownFileType = file.storyboard; name = Base; path = Base.lproj/LaunchScreen.storyboard; sourceTree = "<group>"; };
		9A4A3A792063B79600C2F232 /* Info.plist */ = {isa = PBXFileReference; lastKnownFileType = text.plist.xml; path = Info.plist; sourceTree = "<group>"; };
/* End PBXFileReference section */

/* Begin PBXFrameworksBuildPhase section */
		9A4A3A642063B79600C2F232 /* Frameworks */ = {
			isa = PBXFrameworksBuildPhase;
			buildActionMask = 2147483647;
			files = (
			);
			runOnlyForDeploymentPostprocessing = 0;
		};
/* End PBXFrameworksBuildPhase section */

/* Begin PBXGroup section */
		9A4A3A5E2063B79600C2F232 = {
			isa = PBXGroup;
			children = (
				9A4A3A692063B79600C2F232 /* rural */,
				9A4A3A682063B79600C2F232 /* Products */,
			);
			sourceTree = "<group>";
		};
		9A4A3A682063B79600C2F232 /* Products */ = {
			isa = PBXGroup;
			children = (
				9A4A3A672063B79600C2F232 /* rural.app */,
			);
			name = Products;
			sourceTree = "<group>";
		};
		9A4A3A692063B79600C2F232 /* rural */ = {
			isa = PBXGroup;
			children = (
				9A4A3A6A2063B79600C2F232 /* AppDelegate.swift */,
				9A4A3A6C2063B79600C2F232 /* ViewController.swift */,
				9A4A3A6E2063B79600C2F232 /* Main.storyboard */,
				9A4A3A742063B79600C2F232 /* Assets.xcassets */,
				9A4A3A762063B79600C2F232 /* LaunchScreen.storyboard */,
				9A4A3A792063B79600C2F232 /* Info.plist */,
				9A4A3A712063B79600C2F232 /* rural.xcdatamodeld */,
			);
			path = rural;
			sourceTree = "<group>";
		};
/* End PBXGroup section */

/* Begin PBXNativeTarget section */
		9A4A3A662063B79600C2F232 /* rural */ = {
			isa = PBXNativeTarget;
			buildConfigurationList = 9A4A3A7C2063B79600C2F232 /* Build configuration list for PBXNativeTarget "rural" */;
			buildPhases = (
				9A4A3A632063B79600C2F232 /* Sources */,
				9A4A3A642063B79600C2F232 /* Frameworks */,
				9A4A3A652063B79600C2F232 /* Resources */,
			);
			buildRules = (
			);
			dependencies = (
			);
			name = rural;
			productName = rural;
			productReference = 9A4A3A672063B79600C2F232 /* rural.app */;
			productType = "com.apple.product-type.application";
		};
/* End PBXNativeTarget section */

/* Begin PBXProject section */
		9A4A3A5F2063B79600C2F232 /* Project object */ = {
			isa = PBXProject;
			attributes = {
				LastSwiftUpdateCheck = 0920;
				LastUpgradeCheck = 0920;
				ORGANIZATIONNAME = "DAVID ANGULO CORCUERA";
				TargetAttributes = {
					9A4A3A662063B79600C2F232 = {
						CreatedOnToolsVersion = 9.2;
						ProvisioningStyle = Automatic;
					};
				};
			};
			buildConfigurationList = 9A4A3A622063B79600C2F232 /* Build configuration list for PBXProject "rural" */;
			compatibilityVersion = "Xcode 8.0";
			developmentRegion = en;
			hasScannedForEncodings = 0;
			knownRegions = (
				en,
				Base,
			);
			mainGroup = 9A4A3A5E2063B79600C2F232;
			productRefGroup = 9A4A3A682063B79600C2F232 /* Products */;
			projectDirPath = "";
			projectRoot = "";
			targets = (
				9A4A3A662063B79600C2F232 /* rural */,
			);
		};
/* End PBXProject section */

/* Begin PBXResourcesBuildPhase section */
		9A4A3A652063B79600C2F232 /* Resources */ = {
			isa = PBXResourcesBuildPhase;
			buildActionMask = 2147483647;
			files = (
				9A4A3A782063B79600C2F232 /* LaunchScreen.storyboard in Resources */,
				9A4A3A752063B79600C2F232 /* Assets.xcassets in Resources */,
				9A4A3A702063B79600C2F232 /* Main.storyboard in Resources */,
			);
			runOnlyForDeploymentPostprocessing = 0;
		};
/* End PBXResourcesBuildPhase section */

/* Begin PBXSourcesBuildPhase section */
		9A4A3A632063B79600C2F232 /* Sources */ = {
			isa = PBXSourcesBuildPhase;
			buildActionMask = 2147483647;
			files = (
				9A4A3A732063B79600C2F232 /* rural.xcdatamodeld in Sources */,
				9A4A3A6D2063B79600C2F232 /* ViewController.swift in Sources */,
				9A4A3A6B2063B79600C2F232 /* AppDelegate.swift in Sources */,
			);
			runOnlyForDeploymentPostprocessing = 0;
		};
/* End PBXSourcesBuildPhase section */

/* Begin PBXVariantGroup section */
		9A4A3A6E2063B79600C2F232 /* Main.storyboard */ = {
			isa = PBXVariantGroup;
			children = (
				9A4A3A6F2063B79600C2F232 /* Base */,
			);
			name = Main.storyboard;
			sourceTree = "<group>";
		};
		9A4A3A762063B79600C2F232 /* LaunchScreen.storyboard */ = {
			isa = PBXVariantGroup;
			children = (
				9A4A3A772063B79600C2F232 /* Base */,
			);
			name = LaunchScreen.storyboard;
			sourceTree = "<group>";
		};
/* End PBXVariantGroup section */

/* Begin XCBuildConfiguration section */
		9A4A3A7A2063B79600C2F232 /* Debug */ = {
			isa = XCBuildConfiguration;
			buildSettings = {
				ALWAYS_SEARCH_USER_PATHS = NO;
				CLANG_ANALYZER_NONNULL = YES;
				CLANG_ANALYZER_NUMBER_OBJECT_CONVERSION = YES_AGGRESSIVE;
				CLANG_CXX_LANGUAGE_STANDARD = "gnu++14";
				CLANG_CXX_LIBRARY = "libc++";
				CLANG_ENABLE_MODULES = YES;
				CLANG_ENABLE_OBJC_ARC = YES;
				CLANG_WARN_BLOCK_CAPTURE_AUTORELEASING = YES;
				CLANG_WARN_BOOL_CONVERSION = YES;
				CLANG_WARN_COMMA = YES;
				CLANG_WARN_CONSTANT_CONVERSION = YES;
				CLANG_WARN_DIRECT_OBJC_ISA_USAGE = YES_ERROR;
				CLANG_WARN_DOCUMENTATION_COMMENTS = YES;
				CLANG_WARN_EMPTY_BODY = YES;
				CLANG_WARN_ENUM_CONVERSION = YES;
				CLANG_WARN_INFINITE_RECURSION = YES;
				CLANG_WARN_INT_CONVERSION = YES;
				CLANG_WARN_NON_LITERAL_NULL_CONVERSION = YES;
				CLANG_WARN_OBJC_LITERAL_CONVERSION = YES;
				CLANG_WARN_OBJC_ROOT_CLASS = YES_ERROR;
				CLANG_WARN_RANGE_LOOP_ANALYSIS = YES;
				CLANG_WARN_STRICT_PROTOTYPES = YES;
				CLANG_WARN_SUSPICIOUS_MOVE = YES;
				CLANG_WARN_UNGUARDED_AVAILABILITY = YES_AGGRESSIVE;
				CLANG_WARN_UNREACHABLE_CODE = YES;
				CLANG_WARN__DUPLICATE_METHOD_MATCH = YES;
				CODE_SIGN_IDENTITY = "iPhone Developer";
				COPY_PHASE_STRIP = NO;
				DEBUG_INFORMATION_FORMAT = dwarf;
				ENABLE_STRICT_OBJC_MSGSEND = YES;
				ENABLE_TESTABILITY = YES;
				GCC_C_LANGUAGE_STANDARD = gnu11;
				GCC_DYNAMIC_NO_PIC = NO;
				GCC_NO_COMMON_BLOCKS = YES;
				GCC_OPTIMIZATION_LEVEL = 0;
				GCC_PREPROCESSOR_DEFINITIONS = (
					"DEBUG=1",
					"$(inherited)",
				);
				GCC_WARN_64_TO_32_BIT_CONVERSION = YES;
				GCC_WARN_ABOUT_RETURN_TYPE = YES_ERROR;
				GCC_WARN_UNDECLARED_SELECTOR = YES;
				GCC_WARN_UNINITIALIZED_AUTOS = YES_AGGRESSIVE;
				GCC_WARN_UNUSED_FUNCTION = YES;
				GCC_WARN_UNUSED_VARIABLE = YES;
				IPHONEOS_DEPLOYMENT_TARGET = 11.2;
				MTL_ENABLE_DEBUG_INFO = YES;
				ONLY_ACTIVE_ARCH = YES;
				SDKROOT = iphoneos;
				SWIFT_ACTIVE_COMPILATION_CONDITIONS = DEBUG;
				SWIFT_OPTIMIZATION_LEVEL = "-Onone";
			};
			name = Debug;
		};
		9A4A3A7B2063B79600C2F232 /* Release */ = {
			isa = XCBuildConfiguration;
			buildSettings = {
				ALWAYS_SEARCH_USER_PATHS = NO;
				CLANG_ANALYZER_NONNULL = YES;
				CLANG_ANALYZER_NUMBER_OBJECT_CONVERSION = YES_AGGRESSIVE;
				CLANG_CXX_LANGUAGE_STANDARD = "gnu++14";
				CLANG_CXX_LIBRARY = "libc++";
				CLANG_ENABLE_MODULES = YES;
				CLANG_ENABLE_OBJC_ARC = YES;
				CLANG_WARN_BLOCK_CAPTURE_AUTORELEASING = YES;
				CLANG_WARN_BOOL_CONVERSION = YES;
				CLANG_WARN_COMMA = YES;
				CLANG_WARN_CONSTANT_CONVERSION = YES;
				CLANG_WARN_DIRECT_OBJC_ISA_USAGE = YES_ERROR;
				CLANG_WARN_DOCUMENTATION_COMMENTS = YES;
				CLANG_WARN_EMPTY_BODY = YES;
				CLANG_WARN_ENUM_CONVERSION = YES;
				CLANG_WARN_INFINITE_RECURSION = YES;
				CLANG_WARN_INT_CONVERSION = YES;
				CLANG_WARN_NON_LITERAL_NULL_CONVERSION = YES;
				CLANG_WARN_OBJC_LITERAL_CONVERSION = YES;
				CLANG_WARN_OBJC_ROOT_CLASS = YES_ERROR;
				CLANG_WARN_RANGE_LOOP_ANALYSIS = YES;
				CLANG_WARN_STRICT_PROTOTYPES = YES;
				CLANG_WARN_SUSPICIOUS_MOVE = YES;
				CLANG_WARN_UNGUARDED_AVAILABILITY = YES_AGGRESSIVE;
				CLANG_WARN_UNREACHABLE_CODE = YES;
				CLANG_WARN__DUPLICATE_METHOD_MATCH = YES;
				CODE_SIGN_IDENTITY = "iPhone Developer";
				COPY_PHASE_STRIP = NO;
				DEBUG_INFORMATION_FORMAT = "dwarf-with-dsym";
				ENABLE_NS_ASSERTIONS = NO;
				ENABLE_STRICT_OBJC_MSGSEND = YES;
				GCC_C_LANGUAGE_STANDARD = gnu11;
				GCC_NO_COMMON_BLOCKS = YES;
				GCC_WARN_64_TO_32_BIT_CONVERSION = YES;
				GCC_WARN_ABOUT_RETURN_TYPE = YES_ERROR;
				GCC_WARN_UNDECLARED_SELECTOR = YES;
				GCC_WARN_UNINITIALIZED_AUTOS = YES_AGGRESSIVE;
				GCC_WARN_UNUSED_FUNCTION = YES;
				GCC_WARN_UNUSED_VARIABLE = YES;
				IPHONEOS_DEPLOYMENT_TARGET = 11.2;
				MTL_ENABLE_DEBUG_INFO = NO;
				SDKROOT = iphoneos;
				SWIFT_OPTIMIZATION_LEVEL = "-Owholemodule";
				VALIDATE_PRODUCT = YES;
			};
			name = Release;
		};
		9A4A3A7D2063B79600C2F232 /* Debug */ = {
			isa = XCBuildConfiguration;
			buildSettings = {
				ASSETCATALOG_COMPILER_APPICON_NAME = AppIcon;
				CODE_SIGN_STYLE = Automatic;
				INFOPLIST_FILE = rural/Info.plist;
				LD_RUNPATH_SEARCH_PATHS = "$(inherited) @executable_path/Frameworks";
				PRODUCT_BUNDLE_IDENTIFIER = david.rural;
				PRODUCT_NAME = "$(TARGET_NAME)";
				SWIFT_VERSION = 4.0;
				TARGETED_DEVICE_FAMILY = "1,2";
			};
			name = Debug;
		};
		9A4A3A7E2063B79600C2F232 /* Release */ = {
			isa = XCBuildConfiguration;
			buildSettings = {
				ASSETCATALOG_COMPILER_APPICON_NAME = AppIcon;
				CODE_SIGN_STYLE = Automatic;
				INFOPLIST_FILE = rural/Info.plist;
				LD_RUNPATH_SEARCH_PATHS = "$(inherited) @executable_path/Frameworks";
				PRODUCT_BUNDLE_IDENTIFIER = david.rural;
				PRODUCT_NAME = "$(TARGET_NAME)";
				SWIFT_VERSION = 4.0;
				TARGETED_DEVICE_FAMILY = "1,2";
			};
			name = Release;
		};
/* End XCBuildConfiguration section */

/* Begin XCConfigurationList section */
		9A4A3A622063B79600C2F232 /* Build configuration list for PBXProject "rural" */ = {
			isa = XCConfigurationList;
			buildConfigurations = (
				9A4A3A7A2063B79600C2F232 /* Debug */,
				9A4A3A7B2063B79600C2F232 /* Release */,
			);
			defaultConfigurationIsVisible = 0;
			defaultConfigurationName = Release;
		};
		9A4A3A7C2063B79600C2F232 /* Build configuration list for PBXNativeTarget "rural" */ = {
			isa = XCConfigurationList;
			buildConfigurations = (
				9A4A3A7D2063B79600C2F232 /* Debug */,
				9A4A3A7E2063B79600C2F232 /* Release */,
			);
			defaultConfigurationIsVisible = 0;
			defaultConfigurationName = Release;
		};
/* End XCConfigurationList section */

/* Begin XCVersionGroup section */
		9A4A3A712063B79600C2F232 /* rural.xcdatamodeld */ = {
			isa = XCVersionGroup;
			children = (
				9A4A3A722063B79600C2F232 /* rural.xcdatamodel */,
			);
			currentVersion = 9A4A3A722063B79600C2F232 /* rural.xcdatamodel */;
			path = rural.xcdatamodeld;
			sourceTree = "<group>";
			versionGroupType = wrapper.xcdatamodel;
		};
/* End XCVersionGroup section */
	};
	rootObject = 9A4A3A5F2063B79600C2F232 /* Project object */;
}
